
Microsoft Visual Studio Solution File, Format Version 12.00
# Visual Studio Version 17
VisualStudioVersion = 17.8.34330.188
MinimumVisualStudioVersion = 10.0.40219.1
Project("{FAE04EC0-301F-11D3-BF4B-00C04F79EFBC}") = "hwFeb14 (to do)", "hwFeb14 (to do)\hwFeb14 (to do).csproj", "{7DBC0709-C711-4A2F-8C9C-0AF89AF57B99}"
EndProject
Global
	GlobalSection(SolutionConfigurationPlatforms) = preSolution
		Debug|Any CPU = Debug|Any CPU
		Release|Any CPU = Release|Any CPU
	EndGlobalSection
	GlobalSection(ProjectConfigurationPlatforms) = postSolution
		{7DBC0709-C711-4A2F-8C9C-0AF89AF57B99}.Debug|Any CPU.ActiveCfg = Debug|Any CPU
		{7DBC0709-C711-4A2F-8C9C-0AF89AF57B99}.Debug|Any CPU.Build.0 = Debug|Any CPU
		{7DBC0709-C711-4A2F-8C9C-0AF89AF57B99}.Release|Any CPU.ActiveCfg = Release|Any CPU
		{7DBC0709-C711-4A2F-8C9C-0AF89AF57B99}.Release|Any CPU.Build.0 = Release|Any CPU
	EndGlobalSection
	GlobalSection(SolutionProperties) = preSolution
		HideSolutionNode = FALSE
	EndGlobalSection
	GlobalSection(ExtensibilityGlobals) = postSolution
		SolutionGuid = {14F9C6CD-325D-472A-9A09-A7A95325356F}
	EndGlobalSection
EndGlobal
